
Microsoft Visual Studio Solution File, Format Version 12.00
# Visual Studio Version 17
VisualStudioVersion = 17.9.34728.123
MinimumVisualStudioVersion = 10.0.40219.1
Project("{2150E333-8FDC-42A3-9474-1A3956D46DE8}") = "src", "src", "{B83AB36D-BC57-4C95-AACC-4E01E62DFAD0}"
EndProject
Project("{9A19103F-16F7-4668-BE54-9A1E7A4F7556}") = "MySocailApp.Domain", "src\MySocailApp.Domain\MySocailApp.Domain.csproj", "{7448C230-F808-4C30-9925-0DC1F5FB10BC}"
EndProject
Project("{9A19103F-16F7-4668-BE54-9A1E7A4F7556}") = "MySocailApp.Application", "src\MySocailApp.Application\MySocailApp.Application.csproj", "{D2FA3DF2-4009-4234-AB77-F12CCFEA25BD}"
EndProject
Project("{9A19103F-16F7-4668-BE54-9A1E7A4F7556}") = "MySocailApp.Core", "src\MySocailApp.Core\MySocailApp.Core.csproj", "{E394124D-1565-46AD-BF6A-50453D0A628A}"
EndProject
Project("{9A19103F-16F7-4668-BE54-9A1E7A4F7556}") = "MySocailApp.Infrastructure", "src\MySocailApp.Infrastructure\MySocailApp.Infrastructure.csproj", "{EF124A30-E0B9-4C93-8148-741788E52897}"
EndProject
Project("{9A19103F-16F7-4668-BE54-9A1E7A4F7556}") = "MySocailApp.Api", "src\MySocailApp.Api\MySocailApp.Api.csproj", "{01FF46B3-917F-4024-A0A2-9675A5D8141D}"
EndProject
Project("{2150E333-8FDC-42A3-9474-1A3956D46DE8}") = "tests", "tests", "{3E6ADAD9-5BD2-4E72-A6AA-1795977BF5BF}"
EndProject
Project("{9A19103F-16F7-4668-BE54-9A1E7A4F7556}") = "MySocialApp.Api.Tests", "tests\MySocialApp.Api.Tests\MySocialApp.Api.Tests.csproj", "{2FD91580-16F9-43F5-B4A8-7D8B2AC160B8}"
EndProject
Project("{9A19103F-16F7-4668-BE54-9A1E7A4F7556}") = "MySocialApp.Domain.Tests", "tests\MySocialApp.Domain.Tests\MySocialApp.Domain.Tests.csproj", "{5F41F823-861F-4498-B656-19D17FFBEE1E}"
EndProject
Project("{FAE04EC0-301F-11D3-BF4B-00C04F79EFBC}") = "MySocialApp.Infrastructure.Tests", "MySocialApp.Infrastructure.Tests\MySocialApp.Infrastructure.Tests.csproj", "{D776DA98-4CDA-4F7E-A461-71EE252D69FF}"
EndProject
Global
	GlobalSection(SolutionConfigurationPlatforms) = preSolution
		Debug|Any CPU = Debug|Any CPU
		Release|Any CPU = Release|Any CPU
	EndGlobalSection
	GlobalSection(ProjectConfigurationPlatforms) = postSolution
		{7448C230-F808-4C30-9925-0DC1F5FB10BC}.Debug|Any CPU.ActiveCfg = Debug|Any CPU
		{7448C230-F808-4C30-9925-0DC1F5FB10BC}.Debug|Any CPU.Build.0 = Debug|Any CPU
		{7448C230-F808-4C30-9925-0DC1F5FB10BC}.Release|Any CPU.ActiveCfg = Release|Any CPU
		{7448C230-F808-4C30-9925-0DC1F5FB10BC}.Release|Any CPU.Build.0 = Release|Any CPU
		{D2FA3DF2-4009-4234-AB77-F12CCFEA25BD}.Debug|Any CPU.ActiveCfg = Debug|Any CPU
		{D2FA3DF2-4009-4234-AB77-F12CCFEA25BD}.Debug|Any CPU.Build.0 = Debug|Any CPU
		{D2FA3DF2-4009-4234-AB77-F12CCFEA25BD}.Release|Any CPU.ActiveCfg = Release|Any CPU
		{D2FA3DF2-4009-4234-AB77-F12CCFEA25BD}.Release|Any CPU.Build.0 = Release|Any CPU
		{E394124D-1565-46AD-BF6A-50453D0A628A}.Debug|Any CPU.ActiveCfg = Debug|Any CPU
		{E394124D-1565-46AD-BF6A-50453D0A628A}.Debug|Any CPU.Build.0 = Debug|Any CPU
		{E394124D-1565-46AD-BF6A-50453D0A628A}.Release|Any CPU.ActiveCfg = Release|Any CPU
		{E394124D-1565-46AD-BF6A-50453D0A628A}.Release|Any CPU.Build.0 = Release|Any CPU
		{EF124A30-E0B9-4C93-8148-741788E52897}.Debug|Any CPU.ActiveCfg = Debug|Any CPU
		{EF124A30-E0B9-4C93-8148-741788E52897}.Debug|Any CPU.Build.0 = Debug|Any CPU
		{EF124A30-E0B9-4C93-8148-741788E52897}.Release|Any CPU.ActiveCfg = Release|Any CPU
		{EF124A30-E0B9-4C93-8148-741788E52897}.Release|Any CPU.Build.0 = Release|Any CPU
		{01FF46B3-917F-4024-A0A2-9675A5D8141D}.Debug|Any CPU.ActiveCfg = Debug|Any CPU
		{01FF46B3-917F-4024-A0A2-9675A5D8141D}.Debug|Any CPU.Build.0 = Debug|Any CPU
		{01FF46B3-917F-4024-A0A2-9675A5D8141D}.Release|Any CPU.ActiveCfg = Release|Any CPU
		{01FF46B3-917F-4024-A0A2-9675A5D8141D}.Release|Any CPU.Build.0 = Release|Any CPU
		{2FD91580-16F9-43F5-B4A8-7D8B2AC160B8}.Debug|Any CPU.ActiveCfg = Debug|Any CPU
		{2FD91580-16F9-43F5-B4A8-7D8B2AC160B8}.Debug|Any CPU.Build.0 = Debug|Any CPU
		{2FD91580-16F9-43F5-B4A8-7D8B2AC160B8}.Release|Any CPU.ActiveCfg = Release|Any CPU
		{2FD91580-16F9-43F5-B4A8-7D8B2AC160B8}.Release|Any CPU.Build.0 = Release|Any CPU
		{5F41F823-861F-4498-B656-19D17FFBEE1E}.Debug|Any CPU.ActiveCfg = Debug|Any CPU
		{5F41F823-861F-4498-B656-19D17FFBEE1E}.Debug|Any CPU.Build.0 = Debug|Any CPU
		{5F41F823-861F-4498-B656-19D17FFBEE1E}.Release|Any CPU.ActiveCfg = Release|Any CPU
		{5F41F823-861F-4498-B656-19D17FFBEE1E}.Release|Any CPU.Build.0 = Release|Any CPU
		{D776DA98-4CDA-4F7E-A461-71EE252D69FF}.Debug|Any CPU.ActiveCfg = Debug|Any CPU
		{D776DA98-4CDA-4F7E-A461-71EE252D69FF}.Debug|Any CPU.Build.0 = Debug|Any CPU
		{D776DA98-4CDA-4F7E-A461-71EE252D69FF}.Release|Any CPU.ActiveCfg = Release|Any CPU
		{D776DA98-4CDA-4F7E-A461-71EE252D69FF}.Release|Any CPU.Build.0 = Release|Any CPU
	EndGlobalSection
	GlobalSection(SolutionProperties) = preSolution
		HideSolutionNode = FALSE
	EndGlobalSection
	GlobalSection(NestedProjects) = preSolution
		{7448C230-F808-4C30-9925-0DC1F5FB10BC} = {B83AB36D-BC57-4C95-AACC-4E01E62DFAD0}
		{D2FA3DF2-4009-4234-AB77-F12CCFEA25BD} = {B83AB36D-BC57-4C95-AACC-4E01E62DFAD0}
		{E394124D-1565-46AD-BF6A-50453D0A628A} = {B83AB36D-BC57-4C95-AACC-4E01E62DFAD0}
		{EF124A30-E0B9-4C93-8148-741788E52897} = {B83AB36D-BC57-4C95-AACC-4E01E62DFAD0}
		{01FF46B3-917F-4024-A0A2-9675A5D8141D} = {B83AB36D-BC57-4C95-AACC-4E01E62DFAD0}
		{2FD91580-16F9-43F5-B4A8-7D8B2AC160B8} = {3E6ADAD9-5BD2-4E72-A6AA-1795977BF5BF}
		{5F41F823-861F-4498-B656-19D17FFBEE1E} = {3E6ADAD9-5BD2-4E72-A6AA-1795977BF5BF}
		{D776DA98-4CDA-4F7E-A461-71EE252D69FF} = {3E6ADAD9-5BD2-4E72-A6AA-1795977BF5BF}
	EndGlobalSection
	GlobalSection(ExtensibilityGlobals) = postSolution
		SolutionGuid = {8969C35B-B269-4743-A52C-E9B360391B5D}
	EndGlobalSection
EndGlobal
