
Microsoft Visual Studio Solution File, Format Version 12.00
# Visual Studio Version 17
VisualStudioVersion = 17.9.34728.123
MinimumVisualStudioVersion = 10.0.40219.1
Project("{2150E333-8FDC-42A3-9474-1A3956D46DE8}") = "src", "src", "{B83AB36D-BC57-4C95-AACC-4E01E62DFAD0}"
EndProject
Project("{9A19103F-16F7-4668-BE54-9A1E7A4F7556}") = "MySocailApp.Domain", "src\MySocailApp.Domain\MySocailApp.Domain.csproj", "{7448C230-F808-4C30-9925-0DC1F5FB10BC}"
EndProject
Project("{9A19103F-16F7-4668-BE54-9A1E7A4F7556}") = "MySocailApp.Application", "src\MySocailApp.Application\MySocailApp.Application.csproj", "{D2FA3DF2-4009-4234-AB77-F12CCFEA25BD}"
EndProject
Project("{9A19103F-16F7-4668-BE54-9A1E7A4F7556}") = "MySocailApp.Core", "src\MySocailApp.Core\MySocailApp.Core.csproj", "{E394124D-1565-46AD-BF6A-50453D0A628A}"
EndProject
Project("{9A19103F-16F7-4668-BE54-9A1E7A4F7556}") = "MySocailApp.Infrastructure", "src\MySocailApp.Infrastructure\MySocailApp.Infrastructure.csproj", "{EF124A30-E0B9-4C93-8148-741788E52897}"
EndProject
Project("{9A19103F-16F7-4668-BE54-9A1E7A4F7556}") = "MySocailApp.Api", "src\MySocailApp.Api\MySocailApp.Api.csproj", "{01FF46B3-917F-4024-A0A2-9675A5D8141D}"
EndProject
Project("{FAE04EC0-301F-11D3-BF4B-00C04F79EFBC}") = "AccountDomain", "src\AccountDomain\AccountDomain.csproj", "{004D42FB-72DC-4DB6-B6EB-1C4D912D58DD}"
EndProject
Project("{FAE04EC0-301F-11D3-BF4B-00C04F79EFBC}") = "CommentDomain", "src\CommentDomain\CommentDomain.csproj", "{578BAC09-AC12-4658-85ED-E058B1F3958E}"
EndProject
Global
	GlobalSection(SolutionConfigurationPlatforms) = preSolution
		Debug|Any CPU = Debug|Any CPU
		Release|Any CPU = Release|Any CPU
	EndGlobalSection
	GlobalSection(ProjectConfigurationPlatforms) = postSolution
		{7448C230-F808-4C30-9925-0DC1F5FB10BC}.Debug|Any CPU.ActiveCfg = Debug|Any CPU
		{7448C230-F808-4C30-9925-0DC1F5FB10BC}.Debug|Any CPU.Build.0 = Debug|Any CPU
		{7448C230-F808-4C30-9925-0DC1F5FB10BC}.Release|Any CPU.ActiveCfg = Release|Any CPU
		{7448C230-F808-4C30-9925-0DC1F5FB10BC}.Release|Any CPU.Build.0 = Release|Any CPU
		{D2FA3DF2-4009-4234-AB77-F12CCFEA25BD}.Debug|Any CPU.ActiveCfg = Debug|Any CPU
		{D2FA3DF2-4009-4234-AB77-F12CCFEA25BD}.Debug|Any CPU.Build.0 = Debug|Any CPU
		{D2FA3DF2-4009-4234-AB77-F12CCFEA25BD}.Release|Any CPU.ActiveCfg = Release|Any CPU
		{D2FA3DF2-4009-4234-AB77-F12CCFEA25BD}.Release|Any CPU.Build.0 = Release|Any CPU
		{E394124D-1565-46AD-BF6A-50453D0A628A}.Debug|Any CPU.ActiveCfg = Debug|Any CPU
		{E394124D-1565-46AD-BF6A-50453D0A628A}.Debug|Any CPU.Build.0 = Debug|Any CPU
		{E394124D-1565-46AD-BF6A-50453D0A628A}.Release|Any CPU.ActiveCfg = Release|Any CPU
		{E394124D-1565-46AD-BF6A-50453D0A628A}.Release|Any CPU.Build.0 = Release|Any CPU
		{EF124A30-E0B9-4C93-8148-741788E52897}.Debug|Any CPU.ActiveCfg = Debug|Any CPU
		{EF124A30-E0B9-4C93-8148-741788E52897}.Debug|Any CPU.Build.0 = Debug|Any CPU
		{EF124A30-E0B9-4C93-8148-741788E52897}.Release|Any CPU.ActiveCfg = Release|Any CPU
		{EF124A30-E0B9-4C93-8148-741788E52897}.Release|Any CPU.Build.0 = Release|Any CPU
		{01FF46B3-917F-4024-A0A2-9675A5D8141D}.Debug|Any CPU.ActiveCfg = Debug|Any CPU
		{01FF46B3-917F-4024-A0A2-9675A5D8141D}.Debug|Any CPU.Build.0 = Debug|Any CPU
		{01FF46B3-917F-4024-A0A2-9675A5D8141D}.Release|Any CPU.ActiveCfg = Release|Any CPU
		{01FF46B3-917F-4024-A0A2-9675A5D8141D}.Release|Any CPU.Build.0 = Release|Any CPU
		{004D42FB-72DC-4DB6-B6EB-1C4D912D58DD}.Debug|Any CPU.ActiveCfg = Debug|Any CPU
		{004D42FB-72DC-4DB6-B6EB-1C4D912D58DD}.Debug|Any CPU.Build.0 = Debug|Any CPU
		{004D42FB-72DC-4DB6-B6EB-1C4D912D58DD}.Release|Any CPU.ActiveCfg = Release|Any CPU
		{004D42FB-72DC-4DB6-B6EB-1C4D912D58DD}.Release|Any CPU.Build.0 = Release|Any CPU
		{578BAC09-AC12-4658-85ED-E058B1F3958E}.Debug|Any CPU.ActiveCfg = Debug|Any CPU
		{578BAC09-AC12-4658-85ED-E058B1F3958E}.Debug|Any CPU.Build.0 = Debug|Any CPU
		{578BAC09-AC12-4658-85ED-E058B1F3958E}.Release|Any CPU.ActiveCfg = Release|Any CPU
		{578BAC09-AC12-4658-85ED-E058B1F3958E}.Release|Any CPU.Build.0 = Release|Any CPU
	EndGlobalSection
	GlobalSection(SolutionProperties) = preSolution
		HideSolutionNode = FALSE
	EndGlobalSection
	GlobalSection(NestedProjects) = preSolution
		{7448C230-F808-4C30-9925-0DC1F5FB10BC} = {B83AB36D-BC57-4C95-AACC-4E01E62DFAD0}
		{D2FA3DF2-4009-4234-AB77-F12CCFEA25BD} = {B83AB36D-BC57-4C95-AACC-4E01E62DFAD0}
		{E394124D-1565-46AD-BF6A-50453D0A628A} = {B83AB36D-BC57-4C95-AACC-4E01E62DFAD0}
		{EF124A30-E0B9-4C93-8148-741788E52897} = {B83AB36D-BC57-4C95-AACC-4E01E62DFAD0}
		{01FF46B3-917F-4024-A0A2-9675A5D8141D} = {B83AB36D-BC57-4C95-AACC-4E01E62DFAD0}
		{004D42FB-72DC-4DB6-B6EB-1C4D912D58DD} = {B83AB36D-BC57-4C95-AACC-4E01E62DFAD0}
		{578BAC09-AC12-4658-85ED-E058B1F3958E} = {B83AB36D-BC57-4C95-AACC-4E01E62DFAD0}
	EndGlobalSection
	GlobalSection(ExtensibilityGlobals) = postSolution
		SolutionGuid = {8969C35B-B269-4743-A52C-E9B360391B5D}
	EndGlobalSection
EndGlobal
