
Microsoft Visual Studio Solution File, Format Version 12.00
# Visual Studio Version 17
VisualStudioVersion = 17.9.34728.123
MinimumVisualStudioVersion = 10.0.40219.1
Project("{2150E333-8FDC-42A3-9474-1A3956D46DE8}") = "src", "src", "{B83AB36D-BC57-4C95-AACC-4E01E62DFAD0}"
EndProject
Project("{9A19103F-16F7-4668-BE54-9A1E7A4F7556}") = "SolTake.Domain", "src\SolTake.Domain\SolTake.Domain.csproj", "{7448C230-F808-4C30-9925-0DC1F5FB10BC}"
EndProject
Project("{9A19103F-16F7-4668-BE54-9A1E7A4F7556}") = "SolTake.Application", "src\SolTake.Application\SolTake.Application.csproj", "{D2FA3DF2-4009-4234-AB77-F12CCFEA25BD}"
EndProject
Project("{9A19103F-16F7-4668-BE54-9A1E7A4F7556}") = "SolTake.Core", "src\SolTake.Core\SolTake.Core.csproj", "{E394124D-1565-46AD-BF6A-50453D0A628A}"
EndProject
Project("{9A19103F-16F7-4668-BE54-9A1E7A4F7556}") = "SolTake.Infrastructure", "src\SolTake.Infrastructure\SolTake.Infrastructure.csproj", "{EF124A30-E0B9-4C93-8148-741788E52897}"
EndProject
Project("{2150E333-8FDC-42A3-9474-1A3956D46DE8}") = "SolutionService", "SolutionService", "{02EA681E-C7D8-13C7-8484-4AC65E1B71E8}"
EndProject
Project("{FAE04EC0-301F-11D3-BF4B-00C04F79EFBC}") = "SolTake.SolutionService.Domain", "src\SolutionService\SolTake.SolutionService.Domain\SolTake.SolutionService.Domain.csproj", "{613877CA-92AC-4426-B31B-A1F5C45F58EF}"
EndProject
Project("{FAE04EC0-301F-11D3-BF4B-00C04F79EFBC}") = "SolTake.SolutionService.Application", "src\SolutionService\SolTake.SolutionService.Application\SolTake.SolutionService.Application.csproj", "{810F659F-225E-46A5-BDD8-FBFC53FD3E45}"
EndProject
Project("{FAE04EC0-301F-11D3-BF4B-00C04F79EFBC}") = "SolTake.SolutionService.Infrastructure", "src\SolutionService\SolTake.SolutionService.Infrastructure\SolTake.SolutionService.Infrastructure.csproj", "{AF5C092A-9A36-4126-8AD3-BDE0F91823B7}"
EndProject
Project("{2150E333-8FDC-42A3-9474-1A3956D46DE8}") = "QuestionService", "QuestionService", "{A9C31250-4EDA-487D-8D94-871115A91EE6}"
EndProject
Project("{FAE04EC0-301F-11D3-BF4B-00C04F79EFBC}") = "SolTake.QuestionService.Domain", "src\QuestionService\SolTake.QuestionService.Domain\SolTake.QuestionService.Domain.csproj", "{2BEC3A7B-9369-40FC-A48D-5CAA19F0820B}"
EndProject
Project("{FAE04EC0-301F-11D3-BF4B-00C04F79EFBC}") = "SolTake.QuestionService.Application", "src\QuestionService\SolTake.QuestionService.Application\SolTake.QuestionService.Application.csproj", "{00D413CD-6880-4B85-8692-EDDE7D521677}"
EndProject
Project("{FAE04EC0-301F-11D3-BF4B-00C04F79EFBC}") = "SolTake.QuestionService.Infrastructure", "src\QuestionService\SolTake.QuestionService.Infrastructure\SolTake.QuestionService.Infrastructure.csproj", "{7AA928D8-4C22-4818-8929-F393C367E264}"
EndProject
Project("{FAE04EC0-301F-11D3-BF4B-00C04F79EFBC}") = "SolTake.Api", "src\SolTake.Api\SolTake.Api.csproj", "{04E9CA0C-8399-3640-A407-79415BFEEE7E}"
EndProject
Project("{2150E333-8FDC-42A3-9474-1A3956D46DE8}") = "BlobService", "BlobService", "{31453605-D930-42DF-AE3E-4491BA59DCE3}"
EndProject
Project("{FAE04EC0-301F-11D3-BF4B-00C04F79EFBC}") = "SolTake.BlobService.Application", "src\BlobService\SolTake.BlobService.Application\SolTake.BlobService.Application.csproj", "{78470B82-8BDD-4185-A300-16812D4BBBF6}"
EndProject
Project("{FAE04EC0-301F-11D3-BF4B-00C04F79EFBC}") = "SolTake.BlobService.Infrastructure", "src\BlobService\SolTake.BlobService.Infrastructure\SolTake.BlobService.Infrastructure.csproj", "{6CF3E576-AE62-47F8-8DBB-97251D490B59}"
EndProject
Project("{2150E333-8FDC-42A3-9474-1A3956D46DE8}") = "NsfwDetector", "NsfwDetector", "{15A5D23D-D2DB-4793-B749-F353EDE59462}"
EndProject
Project("{FAE04EC0-301F-11D3-BF4B-00C04F79EFBC}") = "SolTake.NsfwDetector.Application", "src\NsfwDetector\SolTake.NsfwDetector.Application\SolTake.NsfwDetector.Application.csproj", "{33EC44F3-0E7E-41BE-A2A4-F3A8CC7E6F22}"
EndProject
Project("{FAE04EC0-301F-11D3-BF4B-00C04F79EFBC}") = "SolTake.NsfwDetector.Infrastructure", "src\NsfwDetector\SolTake.NsfwDetector.Infrastructure\SolTake.NsfwDetector.Infrastructure.csproj", "{4965D0FA-854F-4622-9226-EEBF989A858B}"
EndProject
Project("{FAE04EC0-301F-11D3-BF4B-00C04F79EFBC}") = "SolTake.QuestionService.Api", "src\QuestionService\SolTake.QuestionService.Api\SolTake.QuestionService.Api.csproj", "{EF6F7C20-293C-451A-A94E-62AA971A9E3F}"
EndProject
Project("{FAE04EC0-301F-11D3-BF4B-00C04F79EFBC}") = "SolTake.BlobService.Api", "src\BlobService\SolTake.BlobService.Api\SolTake.BlobService.Api.csproj", "{16BEDF1E-ADAA-4FE9-A6E1-D2E704FE97D9}"
EndProject
Project("{2150E333-8FDC-42A3-9474-1A3956D46DE8}") = "ThumbnailGenerator", "ThumbnailGenerator", "{8ACD636A-A4B5-480D-8218-445CE21DC2F3}"
EndProject
Project("{FAE04EC0-301F-11D3-BF4B-00C04F79EFBC}") = "SolTake.ThumbnailGenerator.Application", "src\ThumbnailGenerator\SolTake.ThumbnailGenerator.Application\SolTake.ThumbnailGenerator.Application.csproj", "{5B3FDE4A-14F5-4D62-8D88-D9F378B824CC}"
EndProject
Project("{FAE04EC0-301F-11D3-BF4B-00C04F79EFBC}") = "SolTake.ThumbnailGenerator.Infrastructure", "src\ThumbnailGenerator\SolTake.ThumbnailGenerator.Infrastructure\SolTake.ThumbnailGenerator.Infrastructure.csproj", "{2A3AF354-9867-4945-B154-C22C45C08C7E}"
EndProject
Project("{2150E333-8FDC-42A3-9474-1A3956D46DE8}") = "ExamService", "ExamService", "{72F31AF5-608C-403D-AD50-84969A0CCF06}"
EndProject
Project("{FAE04EC0-301F-11D3-BF4B-00C04F79EFBC}") = "SolTake.ExamService.Domain", "src\ExamService\SolTake.ExamService.Domain\SolTake.ExamService.Domain.csproj", "{4F454592-796F-46C0-9F52-93A46D0CD4AA}"
EndProject
Project("{FAE04EC0-301F-11D3-BF4B-00C04F79EFBC}") = "SolTake.ExamService.Application", "src\ExamService\SolTake.ExamService.Application\SolTake.ExamService.Application.csproj", "{5286EC18-2A2B-4201-A35C-971D96637F30}"
EndProject
Project("{FAE04EC0-301F-11D3-BF4B-00C04F79EFBC}") = "SolTake.ExamService.Infrastructure", "src\ExamService\SolTake.ExamService.Infrastructure\SolTake.ExamService.Infrastructure.csproj", "{9AE2BB1B-C942-4AD4-B7BA-CEE4FD00AF67}"
EndProject
Project("{FAE04EC0-301F-11D3-BF4B-00C04F79EFBC}") = "SolTake.ExamService.Api", "src\ExamService\SolTake.ExamService.Api\SolTake.ExamService.Api.csproj", "{277DCB1F-F8AF-42C2-A794-853CB83B88FA}"
EndProject
Project("{2150E333-8FDC-42A3-9474-1A3956D46DE8}") = "SubjectService", "SubjectService", "{4D294F7E-5C3D-4887-A8E6-F5AD0C5301F1}"
EndProject
Project("{FAE04EC0-301F-11D3-BF4B-00C04F79EFBC}") = "SolTake.SubjectService.Domain", "src\SubjectService\SolTake.SubjectService.Domain\SolTake.SubjectService.Domain.csproj", "{FBD33952-3025-430E-BCB1-7764FBCA6951}"
EndProject
Project("{FAE04EC0-301F-11D3-BF4B-00C04F79EFBC}") = "SolTake.SubjectService.Application", "src\SubjectService\SolTake.SubjectService.Application\SolTake.SubjectService.Application.csproj", "{B7D752E3-B8BA-4DC4-A448-24963B91BD03}"
EndProject
Project("{FAE04EC0-301F-11D3-BF4B-00C04F79EFBC}") = "SolTake.SubjectService.Infrastructure", "src\SubjectService\SolTake.SubjectService.Infrastructure\SolTake.SubjectService.Infrastructure.csproj", "{5C210CE8-6D8E-434A-AAFF-D524DA8BC68F}"
EndProject
Project("{FAE04EC0-301F-11D3-BF4B-00C04F79EFBC}") = "SolTake.SubjectService.Api", "src\SubjectService\SolTake.SubjectService.Api\SolTake.SubjectService.Api.csproj", "{74A80CA7-A1A9-44D4-8143-6E9FBACCFC81}"
EndProject
Project("{FAE04EC0-301F-11D3-BF4B-00C04F79EFBC}") = "SolTake.QuestionService.Workers", "src\QuestionService\SolTake.QuestionService.Workers\SolTake.QuestionService.Workers.csproj", "{2BC779CB-8B93-48ED-8BB6-58D354C8E4BC}"
EndProject
Project("{2150E333-8FDC-42A3-9474-1A3956D46DE8}") = "VideoTranscodingService", "VideoTranscodingService", "{62D9CDD0-5BB8-4F42-B3FD-8273CD669314}"
EndProject
Project("{FAE04EC0-301F-11D3-BF4B-00C04F79EFBC}") = "SolTake.VideoTranscodingService.Application", "src\VideoTranscodingService\SolTake.VideoTranscodingService.Application\SolTake.VideoTranscodingService.Application.csproj", "{D8C04B4F-6918-488E-AB53-11EA577D9320}"
EndProject
Project("{FAE04EC0-301F-11D3-BF4B-00C04F79EFBC}") = "SolTake.VideoTranscodingService.Infrastructure", "src\VideoTranscodingService\SolTake.VideoTranscodingService.Infrastructure\SolTake.VideoTranscodingService.Infrastructure.csproj", "{66862EF8-5F94-4AA2-B143-403FF26C5158}"
EndProject
Project("{FAE04EC0-301F-11D3-BF4B-00C04F79EFBC}") = "SolTake.VideoTranscodingService.Workers", "src\VideoTranscodingService\SolTake.VideoTranscodingService.Workers\SolTake.VideoTranscodingService.Workers.csproj", "{D898D3DD-CD12-4EB4-AE91-55207F8B96D4}"
EndProject
Project("{2150E333-8FDC-42A3-9474-1A3956D46DE8}") = "MediaMetadataService", "MediaMetadataService", "{59B8264C-DAF7-40D2-999A-F43F4233BA22}"
EndProject
Project("{FAE04EC0-301F-11D3-BF4B-00C04F79EFBC}") = "SolTake.MediaMetadataService.Application", "src\MediaMetadataService\SolTake.MediaMetadataService.Application\SolTake.MediaMetadataService.Application.csproj", "{B745154F-47F0-4D9C-8DC8-A3D7DB9870D7}"
EndProject
Project("{FAE04EC0-301F-11D3-BF4B-00C04F79EFBC}") = "SolTake.MediaMetadataService.Infrastructure", "src\MediaMetadataService\SolTake.MediaMetadataService.Infrastructure\SolTake.MediaMetadataService.Infrastructure.csproj", "{DBA552A6-D89B-4BAC-B493-3ADC766A5992}"
EndProject
Project("{FAE04EC0-301F-11D3-BF4B-00C04F79EFBC}") = "SolTake.MediaMetadataService.Workers", "src\MediaMetadataService\SolTake.MediaMetadataService.Workers\SolTake.MediaMetadataService.Workers.csproj", "{94A34DE8-0AC0-4516-8FE3-95E73E365DA1}"
EndProject
Project("{2150E333-8FDC-42A3-9474-1A3956D46DE8}") = "MediaService", "MediaService", "{3F37D62A-0F9C-4F41-83DC-10A386A07407}"
EndProject
Project("{FAE04EC0-301F-11D3-BF4B-00C04F79EFBC}") = "SolTake.MediaService.Domain", "src\MediaService\SolTake.MediaService.Domain\SolTake.MediaService.Domain.csproj", "{AA6531D1-447E-4E00-88E0-6EDF46D928D9}"
EndProject
Project("{FAE04EC0-301F-11D3-BF4B-00C04F79EFBC}") = "SolTake.MediaService.Application", "src\MediaService\SolTake.MediaService.Application\SolTake.MediaService.Application.csproj", "{9254DE6D-33BB-48CB-B480-70DD8D175502}"
EndProject
Project("{FAE04EC0-301F-11D3-BF4B-00C04F79EFBC}") = "SolTake.MediaService.Infrastructure", "src\MediaService\SolTake.MediaService.Infrastructure\SolTake.MediaService.Infrastructure.csproj", "{C8B00691-7C53-4658-8A34-E5EA283D8857}"
EndProject
Project("{FAE04EC0-301F-11D3-BF4B-00C04F79EFBC}") = "SolTake.MediaService.Workers", "src\MediaService\SolTake.MediaService.Workers\SolTake.MediaService.Workers.csproj", "{2089AC76-443B-4BFA-9541-B9BADF2E7C7A}"
EndProject
Project("{FAE04EC0-301F-11D3-BF4B-00C04F79EFBC}") = "SolTake.NsfwDetector.Workers", "src\NsfwDetector\SolTake.NsfwDetector.Workers\SolTake.NsfwDetector.Workers.csproj", "{58CEEEF2-06FD-4F8F-A728-C6CF2AED24C8}"
EndProject
Project("{FAE04EC0-301F-11D3-BF4B-00C04F79EFBC}") = "SolTake.ThumbnailGenerator.Workers", "src\ThumbnailGenerator\SolTake.ThumbnailGenerator.Workers\SolTake.ThumbnailGenerator.Workers.csproj", "{5E0C904C-09C9-4E84-A9C8-93B7446CB6AD}"
EndProject
Project("{FAE04EC0-301F-11D3-BF4B-00C04F79EFBC}") = "SolTake.ExamService.Workers", "src\ExamService\SolTake.ExamService.Workers\SolTake.ExamService.Workers.csproj", "{900579A0-DFBD-4899-9D53-A661E4DF0A7D}"
EndProject
Project("{FAE04EC0-301F-11D3-BF4B-00C04F79EFBC}") = "SolTake.SubjectService.Workers", "src\SubjectService\SolTake.SubjectService.Workers\SolTake.SubjectService.Workers.csproj", "{072A949E-52D7-4047-A325-BC3B8F187D7E}"
EndProject
Global
	GlobalSection(SolutionConfigurationPlatforms) = preSolution
		Debug|Any CPU = Debug|Any CPU
		Release|Any CPU = Release|Any CPU
	EndGlobalSection
	GlobalSection(ProjectConfigurationPlatforms) = postSolution
		{7448C230-F808-4C30-9925-0DC1F5FB10BC}.Debug|Any CPU.ActiveCfg = Debug|Any CPU
		{7448C230-F808-4C30-9925-0DC1F5FB10BC}.Debug|Any CPU.Build.0 = Debug|Any CPU
		{7448C230-F808-4C30-9925-0DC1F5FB10BC}.Release|Any CPU.ActiveCfg = Release|Any CPU
		{7448C230-F808-4C30-9925-0DC1F5FB10BC}.Release|Any CPU.Build.0 = Release|Any CPU
		{D2FA3DF2-4009-4234-AB77-F12CCFEA25BD}.Debug|Any CPU.ActiveCfg = Debug|Any CPU
		{D2FA3DF2-4009-4234-AB77-F12CCFEA25BD}.Debug|Any CPU.Build.0 = Debug|Any CPU
		{D2FA3DF2-4009-4234-AB77-F12CCFEA25BD}.Release|Any CPU.ActiveCfg = Release|Any CPU
		{D2FA3DF2-4009-4234-AB77-F12CCFEA25BD}.Release|Any CPU.Build.0 = Release|Any CPU
		{E394124D-1565-46AD-BF6A-50453D0A628A}.Debug|Any CPU.ActiveCfg = Debug|Any CPU
		{E394124D-1565-46AD-BF6A-50453D0A628A}.Debug|Any CPU.Build.0 = Debug|Any CPU
		{E394124D-1565-46AD-BF6A-50453D0A628A}.Release|Any CPU.ActiveCfg = Release|Any CPU
		{E394124D-1565-46AD-BF6A-50453D0A628A}.Release|Any CPU.Build.0 = Release|Any CPU
		{EF124A30-E0B9-4C93-8148-741788E52897}.Debug|Any CPU.ActiveCfg = Debug|Any CPU
		{EF124A30-E0B9-4C93-8148-741788E52897}.Debug|Any CPU.Build.0 = Debug|Any CPU
		{EF124A30-E0B9-4C93-8148-741788E52897}.Release|Any CPU.ActiveCfg = Release|Any CPU
		{EF124A30-E0B9-4C93-8148-741788E52897}.Release|Any CPU.Build.0 = Release|Any CPU
		{613877CA-92AC-4426-B31B-A1F5C45F58EF}.Debug|Any CPU.ActiveCfg = Debug|Any CPU
		{613877CA-92AC-4426-B31B-A1F5C45F58EF}.Debug|Any CPU.Build.0 = Debug|Any CPU
		{613877CA-92AC-4426-B31B-A1F5C45F58EF}.Release|Any CPU.ActiveCfg = Release|Any CPU
		{613877CA-92AC-4426-B31B-A1F5C45F58EF}.Release|Any CPU.Build.0 = Release|Any CPU
		{810F659F-225E-46A5-BDD8-FBFC53FD3E45}.Debug|Any CPU.ActiveCfg = Debug|Any CPU
		{810F659F-225E-46A5-BDD8-FBFC53FD3E45}.Debug|Any CPU.Build.0 = Debug|Any CPU
		{810F659F-225E-46A5-BDD8-FBFC53FD3E45}.Release|Any CPU.ActiveCfg = Release|Any CPU
		{810F659F-225E-46A5-BDD8-FBFC53FD3E45}.Release|Any CPU.Build.0 = Release|Any CPU
		{AF5C092A-9A36-4126-8AD3-BDE0F91823B7}.Debug|Any CPU.ActiveCfg = Debug|Any CPU
		{AF5C092A-9A36-4126-8AD3-BDE0F91823B7}.Debug|Any CPU.Build.0 = Debug|Any CPU
		{AF5C092A-9A36-4126-8AD3-BDE0F91823B7}.Release|Any CPU.ActiveCfg = Release|Any CPU
		{AF5C092A-9A36-4126-8AD3-BDE0F91823B7}.Release|Any CPU.Build.0 = Release|Any CPU
		{2BEC3A7B-9369-40FC-A48D-5CAA19F0820B}.Debug|Any CPU.ActiveCfg = Debug|Any CPU
		{2BEC3A7B-9369-40FC-A48D-5CAA19F0820B}.Debug|Any CPU.Build.0 = Debug|Any CPU
		{2BEC3A7B-9369-40FC-A48D-5CAA19F0820B}.Release|Any CPU.ActiveCfg = Release|Any CPU
		{2BEC3A7B-9369-40FC-A48D-5CAA19F0820B}.Release|Any CPU.Build.0 = Release|Any CPU
		{00D413CD-6880-4B85-8692-EDDE7D521677}.Debug|Any CPU.ActiveCfg = Debug|Any CPU
		{00D413CD-6880-4B85-8692-EDDE7D521677}.Debug|Any CPU.Build.0 = Debug|Any CPU
		{00D413CD-6880-4B85-8692-EDDE7D521677}.Release|Any CPU.ActiveCfg = Release|Any CPU
		{00D413CD-6880-4B85-8692-EDDE7D521677}.Release|Any CPU.Build.0 = Release|Any CPU
		{7AA928D8-4C22-4818-8929-F393C367E264}.Debug|Any CPU.ActiveCfg = Debug|Any CPU
		{7AA928D8-4C22-4818-8929-F393C367E264}.Debug|Any CPU.Build.0 = Debug|Any CPU
		{7AA928D8-4C22-4818-8929-F393C367E264}.Release|Any CPU.ActiveCfg = Release|Any CPU
		{7AA928D8-4C22-4818-8929-F393C367E264}.Release|Any CPU.Build.0 = Release|Any CPU
		{04E9CA0C-8399-3640-A407-79415BFEEE7E}.Debug|Any CPU.ActiveCfg = Debug|Any CPU
		{04E9CA0C-8399-3640-A407-79415BFEEE7E}.Debug|Any CPU.Build.0 = Debug|Any CPU
		{04E9CA0C-8399-3640-A407-79415BFEEE7E}.Release|Any CPU.ActiveCfg = Release|Any CPU
		{04E9CA0C-8399-3640-A407-79415BFEEE7E}.Release|Any CPU.Build.0 = Release|Any CPU
		{78470B82-8BDD-4185-A300-16812D4BBBF6}.Debug|Any CPU.ActiveCfg = Debug|Any CPU
		{78470B82-8BDD-4185-A300-16812D4BBBF6}.Debug|Any CPU.Build.0 = Debug|Any CPU
		{78470B82-8BDD-4185-A300-16812D4BBBF6}.Release|Any CPU.ActiveCfg = Release|Any CPU
		{78470B82-8BDD-4185-A300-16812D4BBBF6}.Release|Any CPU.Build.0 = Release|Any CPU
		{6CF3E576-AE62-47F8-8DBB-97251D490B59}.Debug|Any CPU.ActiveCfg = Debug|Any CPU
		{6CF3E576-AE62-47F8-8DBB-97251D490B59}.Debug|Any CPU.Build.0 = Debug|Any CPU
		{6CF3E576-AE62-47F8-8DBB-97251D490B59}.Release|Any CPU.ActiveCfg = Release|Any CPU
		{6CF3E576-AE62-47F8-8DBB-97251D490B59}.Release|Any CPU.Build.0 = Release|Any CPU
		{33EC44F3-0E7E-41BE-A2A4-F3A8CC7E6F22}.Debug|Any CPU.ActiveCfg = Debug|Any CPU
		{33EC44F3-0E7E-41BE-A2A4-F3A8CC7E6F22}.Debug|Any CPU.Build.0 = Debug|Any CPU
		{33EC44F3-0E7E-41BE-A2A4-F3A8CC7E6F22}.Release|Any CPU.ActiveCfg = Release|Any CPU
		{33EC44F3-0E7E-41BE-A2A4-F3A8CC7E6F22}.Release|Any CPU.Build.0 = Release|Any CPU
		{4965D0FA-854F-4622-9226-EEBF989A858B}.Debug|Any CPU.ActiveCfg = Debug|Any CPU
		{4965D0FA-854F-4622-9226-EEBF989A858B}.Debug|Any CPU.Build.0 = Debug|Any CPU
		{4965D0FA-854F-4622-9226-EEBF989A858B}.Release|Any CPU.ActiveCfg = Release|Any CPU
		{4965D0FA-854F-4622-9226-EEBF989A858B}.Release|Any CPU.Build.0 = Release|Any CPU
		{EF6F7C20-293C-451A-A94E-62AA971A9E3F}.Debug|Any CPU.ActiveCfg = Debug|Any CPU
		{EF6F7C20-293C-451A-A94E-62AA971A9E3F}.Debug|Any CPU.Build.0 = Debug|Any CPU
		{EF6F7C20-293C-451A-A94E-62AA971A9E3F}.Release|Any CPU.ActiveCfg = Release|Any CPU
		{EF6F7C20-293C-451A-A94E-62AA971A9E3F}.Release|Any CPU.Build.0 = Release|Any CPU
		{16BEDF1E-ADAA-4FE9-A6E1-D2E704FE97D9}.Debug|Any CPU.ActiveCfg = Debug|Any CPU
		{16BEDF1E-ADAA-4FE9-A6E1-D2E704FE97D9}.Debug|Any CPU.Build.0 = Debug|Any CPU
		{16BEDF1E-ADAA-4FE9-A6E1-D2E704FE97D9}.Release|Any CPU.ActiveCfg = Release|Any CPU
		{16BEDF1E-ADAA-4FE9-A6E1-D2E704FE97D9}.Release|Any CPU.Build.0 = Release|Any CPU
		{5B3FDE4A-14F5-4D62-8D88-D9F378B824CC}.Debug|Any CPU.ActiveCfg = Debug|Any CPU
		{5B3FDE4A-14F5-4D62-8D88-D9F378B824CC}.Debug|Any CPU.Build.0 = Debug|Any CPU
		{5B3FDE4A-14F5-4D62-8D88-D9F378B824CC}.Release|Any CPU.ActiveCfg = Release|Any CPU
		{5B3FDE4A-14F5-4D62-8D88-D9F378B824CC}.Release|Any CPU.Build.0 = Release|Any CPU
		{2A3AF354-9867-4945-B154-C22C45C08C7E}.Debug|Any CPU.ActiveCfg = Debug|Any CPU
		{2A3AF354-9867-4945-B154-C22C45C08C7E}.Debug|Any CPU.Build.0 = Debug|Any CPU
		{2A3AF354-9867-4945-B154-C22C45C08C7E}.Release|Any CPU.ActiveCfg = Release|Any CPU
		{2A3AF354-9867-4945-B154-C22C45C08C7E}.Release|Any CPU.Build.0 = Release|Any CPU
		{4F454592-796F-46C0-9F52-93A46D0CD4AA}.Debug|Any CPU.ActiveCfg = Debug|Any CPU
		{4F454592-796F-46C0-9F52-93A46D0CD4AA}.Debug|Any CPU.Build.0 = Debug|Any CPU
		{4F454592-796F-46C0-9F52-93A46D0CD4AA}.Release|Any CPU.ActiveCfg = Release|Any CPU
		{4F454592-796F-46C0-9F52-93A46D0CD4AA}.Release|Any CPU.Build.0 = Release|Any CPU
		{5286EC18-2A2B-4201-A35C-971D96637F30}.Debug|Any CPU.ActiveCfg = Debug|Any CPU
		{5286EC18-2A2B-4201-A35C-971D96637F30}.Debug|Any CPU.Build.0 = Debug|Any CPU
		{5286EC18-2A2B-4201-A35C-971D96637F30}.Release|Any CPU.ActiveCfg = Release|Any CPU
		{5286EC18-2A2B-4201-A35C-971D96637F30}.Release|Any CPU.Build.0 = Release|Any CPU
		{9AE2BB1B-C942-4AD4-B7BA-CEE4FD00AF67}.Debug|Any CPU.ActiveCfg = Debug|Any CPU
		{9AE2BB1B-C942-4AD4-B7BA-CEE4FD00AF67}.Debug|Any CPU.Build.0 = Debug|Any CPU
		{9AE2BB1B-C942-4AD4-B7BA-CEE4FD00AF67}.Release|Any CPU.ActiveCfg = Release|Any CPU
		{9AE2BB1B-C942-4AD4-B7BA-CEE4FD00AF67}.Release|Any CPU.Build.0 = Release|Any CPU
		{277DCB1F-F8AF-42C2-A794-853CB83B88FA}.Debug|Any CPU.ActiveCfg = Debug|Any CPU
		{277DCB1F-F8AF-42C2-A794-853CB83B88FA}.Debug|Any CPU.Build.0 = Debug|Any CPU
		{277DCB1F-F8AF-42C2-A794-853CB83B88FA}.Release|Any CPU.ActiveCfg = Release|Any CPU
		{277DCB1F-F8AF-42C2-A794-853CB83B88FA}.Release|Any CPU.Build.0 = Release|Any CPU
		{FBD33952-3025-430E-BCB1-7764FBCA6951}.Debug|Any CPU.ActiveCfg = Debug|Any CPU
		{FBD33952-3025-430E-BCB1-7764FBCA6951}.Debug|Any CPU.Build.0 = Debug|Any CPU
		{FBD33952-3025-430E-BCB1-7764FBCA6951}.Release|Any CPU.ActiveCfg = Release|Any CPU
		{FBD33952-3025-430E-BCB1-7764FBCA6951}.Release|Any CPU.Build.0 = Release|Any CPU
		{B7D752E3-B8BA-4DC4-A448-24963B91BD03}.Debug|Any CPU.ActiveCfg = Debug|Any CPU
		{B7D752E3-B8BA-4DC4-A448-24963B91BD03}.Debug|Any CPU.Build.0 = Debug|Any CPU
		{B7D752E3-B8BA-4DC4-A448-24963B91BD03}.Release|Any CPU.ActiveCfg = Release|Any CPU
		{B7D752E3-B8BA-4DC4-A448-24963B91BD03}.Release|Any CPU.Build.0 = Release|Any CPU
		{5C210CE8-6D8E-434A-AAFF-D524DA8BC68F}.Debug|Any CPU.ActiveCfg = Debug|Any CPU
		{5C210CE8-6D8E-434A-AAFF-D524DA8BC68F}.Debug|Any CPU.Build.0 = Debug|Any CPU
		{5C210CE8-6D8E-434A-AAFF-D524DA8BC68F}.Release|Any CPU.ActiveCfg = Release|Any CPU
		{5C210CE8-6D8E-434A-AAFF-D524DA8BC68F}.Release|Any CPU.Build.0 = Release|Any CPU
		{74A80CA7-A1A9-44D4-8143-6E9FBACCFC81}.Debug|Any CPU.ActiveCfg = Debug|Any CPU
		{74A80CA7-A1A9-44D4-8143-6E9FBACCFC81}.Debug|Any CPU.Build.0 = Debug|Any CPU
		{74A80CA7-A1A9-44D4-8143-6E9FBACCFC81}.Release|Any CPU.ActiveCfg = Release|Any CPU
		{74A80CA7-A1A9-44D4-8143-6E9FBACCFC81}.Release|Any CPU.Build.0 = Release|Any CPU
		{2BC779CB-8B93-48ED-8BB6-58D354C8E4BC}.Debug|Any CPU.ActiveCfg = Debug|Any CPU
		{2BC779CB-8B93-48ED-8BB6-58D354C8E4BC}.Debug|Any CPU.Build.0 = Debug|Any CPU
		{2BC779CB-8B93-48ED-8BB6-58D354C8E4BC}.Release|Any CPU.ActiveCfg = Release|Any CPU
		{2BC779CB-8B93-48ED-8BB6-58D354C8E4BC}.Release|Any CPU.Build.0 = Release|Any CPU
		{D8C04B4F-6918-488E-AB53-11EA577D9320}.Debug|Any CPU.ActiveCfg = Debug|Any CPU
		{D8C04B4F-6918-488E-AB53-11EA577D9320}.Debug|Any CPU.Build.0 = Debug|Any CPU
		{D8C04B4F-6918-488E-AB53-11EA577D9320}.Release|Any CPU.ActiveCfg = Release|Any CPU
		{D8C04B4F-6918-488E-AB53-11EA577D9320}.Release|Any CPU.Build.0 = Release|Any CPU
		{66862EF8-5F94-4AA2-B143-403FF26C5158}.Debug|Any CPU.ActiveCfg = Debug|Any CPU
		{66862EF8-5F94-4AA2-B143-403FF26C5158}.Debug|Any CPU.Build.0 = Debug|Any CPU
		{66862EF8-5F94-4AA2-B143-403FF26C5158}.Release|Any CPU.ActiveCfg = Release|Any CPU
		{66862EF8-5F94-4AA2-B143-403FF26C5158}.Release|Any CPU.Build.0 = Release|Any CPU
		{D898D3DD-CD12-4EB4-AE91-55207F8B96D4}.Debug|Any CPU.ActiveCfg = Debug|Any CPU
		{D898D3DD-CD12-4EB4-AE91-55207F8B96D4}.Debug|Any CPU.Build.0 = Debug|Any CPU
		{D898D3DD-CD12-4EB4-AE91-55207F8B96D4}.Release|Any CPU.ActiveCfg = Release|Any CPU
		{D898D3DD-CD12-4EB4-AE91-55207F8B96D4}.Release|Any CPU.Build.0 = Release|Any CPU
		{B745154F-47F0-4D9C-8DC8-A3D7DB9870D7}.Debug|Any CPU.ActiveCfg = Debug|Any CPU
		{B745154F-47F0-4D9C-8DC8-A3D7DB9870D7}.Debug|Any CPU.Build.0 = Debug|Any CPU
		{B745154F-47F0-4D9C-8DC8-A3D7DB9870D7}.Release|Any CPU.ActiveCfg = Release|Any CPU
		{B745154F-47F0-4D9C-8DC8-A3D7DB9870D7}.Release|Any CPU.Build.0 = Release|Any CPU
		{DBA552A6-D89B-4BAC-B493-3ADC766A5992}.Debug|Any CPU.ActiveCfg = Debug|Any CPU
		{DBA552A6-D89B-4BAC-B493-3ADC766A5992}.Debug|Any CPU.Build.0 = Debug|Any CPU
		{DBA552A6-D89B-4BAC-B493-3ADC766A5992}.Release|Any CPU.ActiveCfg = Release|Any CPU
		{DBA552A6-D89B-4BAC-B493-3ADC766A5992}.Release|Any CPU.Build.0 = Release|Any CPU
		{94A34DE8-0AC0-4516-8FE3-95E73E365DA1}.Debug|Any CPU.ActiveCfg = Debug|Any CPU
		{94A34DE8-0AC0-4516-8FE3-95E73E365DA1}.Debug|Any CPU.Build.0 = Debug|Any CPU
		{94A34DE8-0AC0-4516-8FE3-95E73E365DA1}.Release|Any CPU.ActiveCfg = Release|Any CPU
		{94A34DE8-0AC0-4516-8FE3-95E73E365DA1}.Release|Any CPU.Build.0 = Release|Any CPU
		{AA6531D1-447E-4E00-88E0-6EDF46D928D9}.Debug|Any CPU.ActiveCfg = Debug|Any CPU
		{AA6531D1-447E-4E00-88E0-6EDF46D928D9}.Debug|Any CPU.Build.0 = Debug|Any CPU
		{AA6531D1-447E-4E00-88E0-6EDF46D928D9}.Release|Any CPU.ActiveCfg = Release|Any CPU
		{AA6531D1-447E-4E00-88E0-6EDF46D928D9}.Release|Any CPU.Build.0 = Release|Any CPU
		{9254DE6D-33BB-48CB-B480-70DD8D175502}.Debug|Any CPU.ActiveCfg = Debug|Any CPU
		{9254DE6D-33BB-48CB-B480-70DD8D175502}.Debug|Any CPU.Build.0 = Debug|Any CPU
		{9254DE6D-33BB-48CB-B480-70DD8D175502}.Release|Any CPU.ActiveCfg = Release|Any CPU
		{9254DE6D-33BB-48CB-B480-70DD8D175502}.Release|Any CPU.Build.0 = Release|Any CPU
		{C8B00691-7C53-4658-8A34-E5EA283D8857}.Debug|Any CPU.ActiveCfg = Debug|Any CPU
		{C8B00691-7C53-4658-8A34-E5EA283D8857}.Debug|Any CPU.Build.0 = Debug|Any CPU
		{C8B00691-7C53-4658-8A34-E5EA283D8857}.Release|Any CPU.ActiveCfg = Release|Any CPU
		{C8B00691-7C53-4658-8A34-E5EA283D8857}.Release|Any CPU.Build.0 = Release|Any CPU
		{2089AC76-443B-4BFA-9541-B9BADF2E7C7A}.Debug|Any CPU.ActiveCfg = Debug|Any CPU
		{2089AC76-443B-4BFA-9541-B9BADF2E7C7A}.Debug|Any CPU.Build.0 = Debug|Any CPU
		{2089AC76-443B-4BFA-9541-B9BADF2E7C7A}.Release|Any CPU.ActiveCfg = Release|Any CPU
		{2089AC76-443B-4BFA-9541-B9BADF2E7C7A}.Release|Any CPU.Build.0 = Release|Any CPU
		{58CEEEF2-06FD-4F8F-A728-C6CF2AED24C8}.Debug|Any CPU.ActiveCfg = Debug|Any CPU
		{58CEEEF2-06FD-4F8F-A728-C6CF2AED24C8}.Debug|Any CPU.Build.0 = Debug|Any CPU
		{58CEEEF2-06FD-4F8F-A728-C6CF2AED24C8}.Release|Any CPU.ActiveCfg = Release|Any CPU
		{58CEEEF2-06FD-4F8F-A728-C6CF2AED24C8}.Release|Any CPU.Build.0 = Release|Any CPU
		{5E0C904C-09C9-4E84-A9C8-93B7446CB6AD}.Debug|Any CPU.ActiveCfg = Debug|Any CPU
		{5E0C904C-09C9-4E84-A9C8-93B7446CB6AD}.Debug|Any CPU.Build.0 = Debug|Any CPU
		{5E0C904C-09C9-4E84-A9C8-93B7446CB6AD}.Release|Any CPU.ActiveCfg = Release|Any CPU
		{5E0C904C-09C9-4E84-A9C8-93B7446CB6AD}.Release|Any CPU.Build.0 = Release|Any CPU
		{900579A0-DFBD-4899-9D53-A661E4DF0A7D}.Debug|Any CPU.ActiveCfg = Debug|Any CPU
		{900579A0-DFBD-4899-9D53-A661E4DF0A7D}.Debug|Any CPU.Build.0 = Debug|Any CPU
		{900579A0-DFBD-4899-9D53-A661E4DF0A7D}.Release|Any CPU.ActiveCfg = Release|Any CPU
		{900579A0-DFBD-4899-9D53-A661E4DF0A7D}.Release|Any CPU.Build.0 = Release|Any CPU
		{072A949E-52D7-4047-A325-BC3B8F187D7E}.Debug|Any CPU.ActiveCfg = Debug|Any CPU
		{072A949E-52D7-4047-A325-BC3B8F187D7E}.Debug|Any CPU.Build.0 = Debug|Any CPU
		{072A949E-52D7-4047-A325-BC3B8F187D7E}.Release|Any CPU.ActiveCfg = Release|Any CPU
		{072A949E-52D7-4047-A325-BC3B8F187D7E}.Release|Any CPU.Build.0 = Release|Any CPU
	EndGlobalSection
	GlobalSection(SolutionProperties) = preSolution
		HideSolutionNode = FALSE
	EndGlobalSection
	GlobalSection(NestedProjects) = preSolution
		{7448C230-F808-4C30-9925-0DC1F5FB10BC} = {B83AB36D-BC57-4C95-AACC-4E01E62DFAD0}
		{D2FA3DF2-4009-4234-AB77-F12CCFEA25BD} = {B83AB36D-BC57-4C95-AACC-4E01E62DFAD0}
		{E394124D-1565-46AD-BF6A-50453D0A628A} = {B83AB36D-BC57-4C95-AACC-4E01E62DFAD0}
		{EF124A30-E0B9-4C93-8148-741788E52897} = {B83AB36D-BC57-4C95-AACC-4E01E62DFAD0}
		{02EA681E-C7D8-13C7-8484-4AC65E1B71E8} = {B83AB36D-BC57-4C95-AACC-4E01E62DFAD0}
		{613877CA-92AC-4426-B31B-A1F5C45F58EF} = {02EA681E-C7D8-13C7-8484-4AC65E1B71E8}
		{810F659F-225E-46A5-BDD8-FBFC53FD3E45} = {02EA681E-C7D8-13C7-8484-4AC65E1B71E8}
		{AF5C092A-9A36-4126-8AD3-BDE0F91823B7} = {02EA681E-C7D8-13C7-8484-4AC65E1B71E8}
		{A9C31250-4EDA-487D-8D94-871115A91EE6} = {B83AB36D-BC57-4C95-AACC-4E01E62DFAD0}
		{2BEC3A7B-9369-40FC-A48D-5CAA19F0820B} = {A9C31250-4EDA-487D-8D94-871115A91EE6}
		{00D413CD-6880-4B85-8692-EDDE7D521677} = {A9C31250-4EDA-487D-8D94-871115A91EE6}
		{7AA928D8-4C22-4818-8929-F393C367E264} = {A9C31250-4EDA-487D-8D94-871115A91EE6}
		{04E9CA0C-8399-3640-A407-79415BFEEE7E} = {B83AB36D-BC57-4C95-AACC-4E01E62DFAD0}
		{31453605-D930-42DF-AE3E-4491BA59DCE3} = {B83AB36D-BC57-4C95-AACC-4E01E62DFAD0}
		{78470B82-8BDD-4185-A300-16812D4BBBF6} = {31453605-D930-42DF-AE3E-4491BA59DCE3}
		{6CF3E576-AE62-47F8-8DBB-97251D490B59} = {31453605-D930-42DF-AE3E-4491BA59DCE3}
		{15A5D23D-D2DB-4793-B749-F353EDE59462} = {B83AB36D-BC57-4C95-AACC-4E01E62DFAD0}
		{33EC44F3-0E7E-41BE-A2A4-F3A8CC7E6F22} = {15A5D23D-D2DB-4793-B749-F353EDE59462}
		{4965D0FA-854F-4622-9226-EEBF989A858B} = {15A5D23D-D2DB-4793-B749-F353EDE59462}
		{EF6F7C20-293C-451A-A94E-62AA971A9E3F} = {A9C31250-4EDA-487D-8D94-871115A91EE6}
		{16BEDF1E-ADAA-4FE9-A6E1-D2E704FE97D9} = {31453605-D930-42DF-AE3E-4491BA59DCE3}
		{8ACD636A-A4B5-480D-8218-445CE21DC2F3} = {B83AB36D-BC57-4C95-AACC-4E01E62DFAD0}
		{5B3FDE4A-14F5-4D62-8D88-D9F378B824CC} = {8ACD636A-A4B5-480D-8218-445CE21DC2F3}
		{2A3AF354-9867-4945-B154-C22C45C08C7E} = {8ACD636A-A4B5-480D-8218-445CE21DC2F3}
		{72F31AF5-608C-403D-AD50-84969A0CCF06} = {B83AB36D-BC57-4C95-AACC-4E01E62DFAD0}
		{4F454592-796F-46C0-9F52-93A46D0CD4AA} = {72F31AF5-608C-403D-AD50-84969A0CCF06}
		{5286EC18-2A2B-4201-A35C-971D96637F30} = {72F31AF5-608C-403D-AD50-84969A0CCF06}
		{9AE2BB1B-C942-4AD4-B7BA-CEE4FD00AF67} = {72F31AF5-608C-403D-AD50-84969A0CCF06}
		{277DCB1F-F8AF-42C2-A794-853CB83B88FA} = {72F31AF5-608C-403D-AD50-84969A0CCF06}
		{4D294F7E-5C3D-4887-A8E6-F5AD0C5301F1} = {B83AB36D-BC57-4C95-AACC-4E01E62DFAD0}
		{FBD33952-3025-430E-BCB1-7764FBCA6951} = {4D294F7E-5C3D-4887-A8E6-F5AD0C5301F1}
		{B7D752E3-B8BA-4DC4-A448-24963B91BD03} = {4D294F7E-5C3D-4887-A8E6-F5AD0C5301F1}
		{5C210CE8-6D8E-434A-AAFF-D524DA8BC68F} = {4D294F7E-5C3D-4887-A8E6-F5AD0C5301F1}
		{74A80CA7-A1A9-44D4-8143-6E9FBACCFC81} = {4D294F7E-5C3D-4887-A8E6-F5AD0C5301F1}
		{2BC779CB-8B93-48ED-8BB6-58D354C8E4BC} = {A9C31250-4EDA-487D-8D94-871115A91EE6}
		{62D9CDD0-5BB8-4F42-B3FD-8273CD669314} = {B83AB36D-BC57-4C95-AACC-4E01E62DFAD0}
		{D8C04B4F-6918-488E-AB53-11EA577D9320} = {62D9CDD0-5BB8-4F42-B3FD-8273CD669314}
		{66862EF8-5F94-4AA2-B143-403FF26C5158} = {62D9CDD0-5BB8-4F42-B3FD-8273CD669314}
		{D898D3DD-CD12-4EB4-AE91-55207F8B96D4} = {62D9CDD0-5BB8-4F42-B3FD-8273CD669314}
		{59B8264C-DAF7-40D2-999A-F43F4233BA22} = {B83AB36D-BC57-4C95-AACC-4E01E62DFAD0}
		{B745154F-47F0-4D9C-8DC8-A3D7DB9870D7} = {59B8264C-DAF7-40D2-999A-F43F4233BA22}
		{DBA552A6-D89B-4BAC-B493-3ADC766A5992} = {59B8264C-DAF7-40D2-999A-F43F4233BA22}
		{94A34DE8-0AC0-4516-8FE3-95E73E365DA1} = {59B8264C-DAF7-40D2-999A-F43F4233BA22}
		{3F37D62A-0F9C-4F41-83DC-10A386A07407} = {B83AB36D-BC57-4C95-AACC-4E01E62DFAD0}
		{AA6531D1-447E-4E00-88E0-6EDF46D928D9} = {3F37D62A-0F9C-4F41-83DC-10A386A07407}
		{9254DE6D-33BB-48CB-B480-70DD8D175502} = {3F37D62A-0F9C-4F41-83DC-10A386A07407}
		{C8B00691-7C53-4658-8A34-E5EA283D8857} = {3F37D62A-0F9C-4F41-83DC-10A386A07407}
		{2089AC76-443B-4BFA-9541-B9BADF2E7C7A} = {3F37D62A-0F9C-4F41-83DC-10A386A07407}
		{58CEEEF2-06FD-4F8F-A728-C6CF2AED24C8} = {15A5D23D-D2DB-4793-B749-F353EDE59462}
		{5E0C904C-09C9-4E84-A9C8-93B7446CB6AD} = {8ACD636A-A4B5-480D-8218-445CE21DC2F3}
		{900579A0-DFBD-4899-9D53-A661E4DF0A7D} = {72F31AF5-608C-403D-AD50-84969A0CCF06}
		{072A949E-52D7-4047-A325-BC3B8F187D7E} = {4D294F7E-5C3D-4887-A8E6-F5AD0C5301F1}
	EndGlobalSection
	GlobalSection(ExtensibilityGlobals) = postSolution
		SolutionGuid = {8969C35B-B269-4743-A52C-E9B360391B5D}
	EndGlobalSection
EndGlobal
